
Microsoft Visual Studio Solution File, Format Version 12.00
# Visual Studio Version 16
VisualStudioVersion = 16.0.31205.134
MinimumVisualStudioVersion = 10.0.40219.1
Project("{FAE04EC0-301F-11D3-BF4B-00C04F79EFBC}") = "Task", "Task\Task.csproj", "{66D90815-8B19-45EC-8FB1-005B8E656FBA}"
EndProject
Global
	GlobalSection(SolutionConfigurationPlatforms) = preSolution
		Debug|Any CPU = Debug|Any CPU
		Release|Any CPU = Release|Any CPU
	EndGlobalSection
	GlobalSection(ProjectConfigurationPlatforms) = postSolution
		{66D90815-8B19-45EC-8FB1-005B8E656FBA}.Debug|Any CPU.ActiveCfg = Debug|Any CPU
		{66D90815-8B19-45EC-8FB1-005B8E656FBA}.Debug|Any CPU.Build.0 = Debug|Any CPU
		{66D90815-8B19-45EC-8FB1-005B8E656FBA}.Release|Any CPU.ActiveCfg = Release|Any CPU
		{66D90815-8B19-45EC-8FB1-005B8E656FBA}.Release|Any CPU.Build.0 = Release|Any CPU
	EndGlobalSection
	GlobalSection(SolutionProperties) = preSolution
		HideSolutionNode = FALSE
	EndGlobalSection
	GlobalSection(ExtensibilityGlobals) = postSolution
		SolutionGuid = {9B97C3F4-4431-4FD7-BBE3-603F43355F56}
	EndGlobalSection
EndGlobal
